
Microsoft Visual Studio Solution File, Format Version 12.00
# Visual Studio Version 17
VisualStudioVersion = 17.11.35222.181
MinimumVisualStudioVersion = 10.0.40219.1
Project("{FAE04EC0-301F-11D3-BF4B-00C04F79EFBC}") = "MauiAppMeuCombustivel", "MauiAppMeuCombustivel\MauiAppMeuCombustivel.csproj", "{37478C9B-8923-4574-A8CE-0A46D48109B5}"
EndProject
Global
	GlobalSection(SolutionConfigurationPlatforms) = preSolution
		Debug|Any CPU = Debug|Any CPU
		Release|Any CPU = Release|Any CPU
	EndGlobalSection
	GlobalSection(ProjectConfigurationPlatforms) = postSolution
		{37478C9B-8923-4574-A8CE-0A46D48109B5}.Debug|Any CPU.ActiveCfg = Debug|Any CPU
		{37478C9B-8923-4574-A8CE-0A46D48109B5}.Debug|Any CPU.Build.0 = Debug|Any CPU
		{37478C9B-8923-4574-A8CE-0A46D48109B5}.Debug|Any CPU.Deploy.0 = Debug|Any CPU
		{37478C9B-8923-4574-A8CE-0A46D48109B5}.Release|Any CPU.ActiveCfg = Release|Any CPU
		{37478C9B-8923-4574-A8CE-0A46D48109B5}.Release|Any CPU.Build.0 = Release|Any CPU
		{37478C9B-8923-4574-A8CE-0A46D48109B5}.Release|Any CPU.Deploy.0 = Release|Any CPU
	EndGlobalSection
	GlobalSection(SolutionProperties) = preSolution
		HideSolutionNode = FALSE
	EndGlobalSection
	GlobalSection(ExtensibilityGlobals) = postSolution
		SolutionGuid = {D3761FCE-944B-47F1-B3E0-42C0B1024F64}
	EndGlobalSection
EndGlobal
